
Microsoft Visual Studio Solution File, Format Version 12.00
# Visual Studio 2013
VisualStudioVersion = 12.0.21005.1
MinimumVisualStudioVersion = 10.0.40219.1
Project("{FAE04EC0-301F-11D3-BF4B-00C04F79EFBC}") = "NY.Service.Tools", "NY.Service.Tools\NY.Service.Tools.csproj", "{57C9A085-C8C0-4575-81FF-85279A6897F4}"
EndProject
Project("{FAE04EC0-301F-11D3-BF4B-00C04F79EFBC}") = "NY.Client.Tools", "NY.Client.Tools\NY.Client.Tools.csproj", "{FF81919F-C285-4529-84F9-F7333B1358AD}"
EndProject
Global
	GlobalSection(SolutionConfigurationPlatforms) = preSolution
		Debug|Any CPU = Debug|Any CPU
		Release|Any CPU = Release|Any CPU
	EndGlobalSection
	GlobalSection(ProjectConfigurationPlatforms) = postSolution
		{57C9A085-C8C0-4575-81FF-85279A6897F4}.Debug|Any CPU.ActiveCfg = Debug|Any CPU
		{57C9A085-C8C0-4575-81FF-85279A6897F4}.Debug|Any CPU.Build.0 = Debug|Any CPU
		{57C9A085-C8C0-4575-81FF-85279A6897F4}.Release|Any CPU.ActiveCfg = Release|Any CPU
		{57C9A085-C8C0-4575-81FF-85279A6897F4}.Release|Any CPU.Build.0 = Release|Any CPU
		{FF81919F-C285-4529-84F9-F7333B1358AD}.Debug|Any CPU.ActiveCfg = Debug|Any CPU
		{FF81919F-C285-4529-84F9-F7333B1358AD}.Debug|Any CPU.Build.0 = Debug|Any CPU
		{FF81919F-C285-4529-84F9-F7333B1358AD}.Release|Any CPU.ActiveCfg = Release|Any CPU
		{FF81919F-C285-4529-84F9-F7333B1358AD}.Release|Any CPU.Build.0 = Release|Any CPU
	EndGlobalSection
	GlobalSection(SolutionProperties) = preSolution
		HideSolutionNode = FALSE
	EndGlobalSection
EndGlobal
